PODS:
  - EAnalytics (1.3.5)
  - Expecta (1.0.6)
  - Specta (1.0.6)

DEPENDENCIES:
  - EAnalytics (from `../`)
  - Expecta
  - Specta

EXTERNAL SOURCES:
  EAnalytics:
    :path: "../"

SPEC CHECKSUMS:
  EAnalytics: 2f2dc232ab46a34f65de99014b3923ff442669aa
  Expecta: 3b6bd90a64b9a1dcb0b70aa0e10a7f8f631667d5
  Specta: f506f3a8361de16bc0dcf3b17b75e269072ba465

PODFILE CHECKSUM: c1a974d101ef6314062eb511f8da1808cc8cc890

COCOAPODS: 1.2.1
